{
  "name": "libs",
  "lockfileVersion": 2,
  "requires": true,
  "packages": {
    "": {
      "dependencies": {
        "joy-con-webhid": "^0.5.0"
      }
    },
    "node_modules/ahrs": {
      "version": "1.3.1",
      "resolved": "https://registry.npmjs.org/ahrs/-/ahrs-1.3.1.tgz",
      "integrity": "sha512-n8ND3bphroBizQEIdiFLYJKb3RnbX4Gnzkt/TH0g4qDHVKmGYLqsExMR8g9d5l61S6CYUwYfJJqWTkA3yU7Uiw=="
    },
    "node_modules/joy-con-webhid": {
      "version": "0.5.0",
      "resolved": "https://registry.npmjs.org/joy-con-webhid/-/joy-con-webhid-0.5.0.tgz",
      "integrity": "sha512-4imEZ6c7qbycpynFri5Ag+vPa57pnDUwIqUX/aw6bPoob0eNIe59fPyYa7Z+VyIhaY9YZFQNYJhve/LOKxbxCQ==",
      "dependencies": {
        "ahrs": "^1.3.1"
      }
    }
  },
  "dependencies": {
    "ahrs": {
      "version": "1.3.1",
      "resolved": "https://registry.npmjs.org/ahrs/-/ahrs-1.3.1.tgz",
      "integrity": "sha512-n8ND3bphroBizQEIdiFLYJKb3RnbX4Gnzkt/TH0g4qDHVKmGYLqsExMR8g9d5l61S6CYUwYfJJqWTkA3yU7Uiw=="
    },
    "joy-con-webhid": {
      "version": "0.5.0",
      "resolved": "https://registry.npmjs.org/joy-con-webhid/-/joy-con-webhid-0.5.0.tgz",
      "integrity": "sha512-4imEZ6c7qbycpynFri5Ag+vPa57pnDUwIqUX/aw6bPoob0eNIe59fPyYa7Z+VyIhaY9YZFQNYJhve/LOKxbxCQ==",
      "requires": {
        "ahrs": "^1.3.1"
      }
    }
  }
}
